<?xml version="1.0" encoding="utf-8"?>
<Project ToolsVersion="17.0" xmlns="http://schemas.microsoft.com/developer/msbuild/2003">
  <ItemGroup>
    <ClCompile Include="C:\Users\nscha\Documents\E^2\rpexport\game\examples\ecosystem_demo.cpp">
      <Filter>Source Files</Filter>
    </ClCompile>
  </ItemGroup>
  <ItemGroup>
    <CustomBuild Include="C:\Users\nscha\Documents\E^2\rpexport\game\CMakeLists.txt" />
  </ItemGroup>
  <ItemGroup>
    <Filter Include="Source Files">
      <UniqueIdentifier>{C3B6DB37-36D6-3C2C-90FF-E5792B0AB285}</UniqueIdentifier>
    </Filter>
  </ItemGroup>
</Project>
